
Microsoft Visual Studio Solution File, Format Version 12.00
# Visual Studio Version 17
VisualStudioVersion = 17.9.34607.119
MinimumVisualStudioVersion = 10.0.40219.1
Project("{9A19103F-16F7-4668-BE54-9A1E7A4F7556}") = "StardewValleyThai", "StardewValleyThai.csproj", "{5F5CD60A-FCCB-4BCF-8105-7D2E12C836A0}"
EndProject
Global
	GlobalSection(SolutionConfigurationPlatforms) = preSolution
		Debug|Any CPU = Debug|Any CPU
		Release|Any CPU = Release|Any CPU
	EndGlobalSection
	GlobalSection(ProjectConfigurationPlatforms) = postSolution
		{5F5CD60A-FCCB-4BCF-8105-7D2E12C836A0}.Debug|Any CPU.ActiveCfg = Debug|Any CPU
		{5F5CD60A-FCCB-4BCF-8105-7D2E12C836A0}.Debug|Any CPU.Build.0 = Debug|Any CPU
		{5F5CD60A-FCCB-4BCF-8105-7D2E12C836A0}.Release|Any CPU.ActiveCfg = Release|Any CPU
		{5F5CD60A-FCCB-4BCF-8105-7D2E12C836A0}.Release|Any CPU.Build.0 = Release|Any CPU
	EndGlobalSection
	GlobalSection(SolutionProperties) = preSolution
		HideSolutionNode = FALSE
	EndGlobalSection
	GlobalSection(ExtensibilityGlobals) = postSolution
		SolutionGuid = {2B3B2701-FB65-43DE-BA3B-D6AC60C2F45D}
	EndGlobalSection
EndGlobal
